
Microsoft Visual Studio Solution File, Format Version 10.00
# Visual Studio 2008
Project("{8BC9CEB8-8B4A-11D0-8D11-00A0C91BC942}") = "RemoteLib", "RemoteLib.vcproj", "{00917A73-5965-4292-B1B5-D885B98DD2AB}"
EndProject
Global
	GlobalSection(SolutionConfigurationPlatforms) = preSolution
		Debug|Win32 = Debug|Win32
		Release|Win32 = Release|Win32
	EndGlobalSection
	GlobalSection(ProjectConfigurationPlatforms) = postSolution
		{00917A73-5965-4292-B1B5-D885B98DD2AB}.Debug|Win32.ActiveCfg = Debug|Win32
		{00917A73-5965-4292-B1B5-D885B98DD2AB}.Debug|Win32.Build.0 = Debug|Win32
		{00917A73-5965-4292-B1B5-D885B98DD2AB}.Release|Win32.ActiveCfg = Release|Win32
		{00917A73-5965-4292-B1B5-D885B98DD2AB}.Release|Win32.Build.0 = Release|Win32
	EndGlobalSection
	GlobalSection(SolutionProperties) = preSolution
		HideSolutionNode = FALSE
	EndGlobalSection
EndGlobal
