<?xml version="1.0" encoding="utf-8"?>
<Project ToolsVersion="4.0" xmlns="http://schemas.microsoft.com/developer/msbuild/2003">
  <ItemGroup>
    <Filter Include="소스 파일">
      <UniqueIdentifier>{4FC737F1-C7A5-4376-A066-2A32D752A2FF}</UniqueIdentifier>
      <Extensions>cpp;c;cc;cxx;def;odl;idl;hpj;bat;asm;asmx</Extensions>
    </Filter>
    <Filter Include="헤더 파일">
      <UniqueIdentifier>{93995380-89BD-4b04-88EB-625FBE52EBFB}</UniqueIdentifier>
      <Extensions>h;hpp;hxx;hm;inl;inc;xsd</Extensions>
    </Filter>
    <Filter Include="리소스 파일">
      <UniqueIdentifier>{67DA6AB6-F800-4c08-8B7A-83BB121AAD01}</UniqueIdentifier>
      <Extensions>rc;ico;cur;bmp;dlg;rc2;rct;bin;rgs;gif;jpg;jpeg;jpe;resx;tiff;tif;png;wav</Extensions>
    </Filter>
  </ItemGroup>
  <ItemGroup>
    <ClCompile Include="4bwl.cpp">
      <Filter>소스 파일</Filter>
    </ClCompile>
    <ClCompile Include="dllmain.cpp">
      <Filter>소스 파일</Filter>
    </ClCompile>
    <ClCompile Include="dlltype_mini.cpp">
      <Filter>소스 파일</Filter>
    </ClCompile>
    <ClCompile Include="lib_star_capture.cpp">
      <Filter>소스 파일</Filter>
    </ClCompile>
    <ClCompile Include="starLibrary.cpp">
      <Filter>소스 파일</Filter>
    </ClCompile>
    <ClCompile Include="stdafx.cpp">
      <Filter>소스 파일</Filter>
    </ClCompile>
    <ClCompile Include="udpHook.cpp">
      <Filter>소스 파일</Filter>
    </ClCompile>
  </ItemGroup>
  <ItemGroup>
    <ClInclude Include="4bwl.h">
      <Filter>헤더 파일</Filter>
    </ClInclude>
    <ClInclude Include="bigint.h">
      <Filter>헤더 파일</Filter>
    </ClInclude>
    <ClInclude Include="detours.h">
      <Filter>헤더 파일</Filter>
    </ClInclude>
    <ClInclude Include="dllmain.h">
      <Filter>헤더 파일</Filter>
    </ClInclude>
    <ClInclude Include="dlltype.h">
      <Filter>헤더 파일</Filter>
    </ClInclude>
    <ClInclude Include="genesis.h">
      <Filter>헤더 파일</Filter>
    </ClInclude>
    <ClInclude Include="lib_star_capture.h">
      <Filter>헤더 파일</Filter>
    </ClInclude>
    <ClInclude Include="patch.h">
      <Filter>헤더 파일</Filter>
    </ClInclude>
    <ClInclude Include="resource.h">
      <Filter>헤더 파일</Filter>
    </ClInclude>
    <ClInclude Include="starLibrary.h">
      <Filter>헤더 파일</Filter>
    </ClInclude>
    <ClInclude Include="stdafx.h">
      <Filter>헤더 파일</Filter>
    </ClInclude>
    <ClInclude Include="targetver.h">
      <Filter>헤더 파일</Filter>
    </ClInclude>
    <ClInclude Include="ThemidaSDK.h">
      <Filter>헤더 파일</Filter>
    </ClInclude>
    <ClInclude Include="udpHook.h">
      <Filter>헤더 파일</Filter>
    </ClInclude>
  </ItemGroup>
  <ItemGroup>
    <ResourceCompile Include="brain.rc">
      <Filter>리소스 파일</Filter>
    </ResourceCompile>
  </ItemGroup>
  <ItemGroup>
    <Library Include="detoured.lib">
      <Filter>리소스 파일</Filter>
    </Library>
    <Library Include="detours.lib">
      <Filter>리소스 파일</Filter>
    </Library>
  </ItemGroup>
  <ItemGroup>
    <Text Include="ReadMe.txt" />
  </ItemGroup>
  <ItemGroup>
    <None Include="packages.config" />
  </ItemGroup>
</Project>